{
  "version": 4,
  "terraform_version": "1.9.5",
  "serial": 5,
  "lineage": "5e5d5e1b-96cf-122d-2515-271acca58131",
  "outputs": {},
  "resources": [
    {
      "mode": "managed",
      "type": "kubernetes_secret",
      "name": "my_secret",
      "provider": "provider[\"registry.terraform.io/hashicorp/kubernetes\"]",
      "instances": [
        {
          "schema_version": 0,
          "attributes": {
            "binary_data": null,
            "data": {
              "password": "cGFzc3dvcmQ=",
              "username": "dXNlcm5hbWU="
            },
            "id": "default/my-secret",
            "immutable": false,
            "metadata": [
              {
                "annotations": {},
                "generate_name": "",
                "generation": 0,
                "labels": {},
                "name": "my-secret",
                "namespace": "default",
                "resource_version": "53526",
                "uid": "1f641405-be01-491e-b038-b72bad8c91a9"
              }
            ],
            "timeouts": null,
            "type": "Opaque",
            "wait_for_service_account_token": true
          },
          "sensitive_attributes": [
            [
              {
                "type": "get_attr",
                "value": "data"
              }
            ],
            [
              {
                "type": "get_attr",
                "value": "binary_data"
              }
            ]
          ],
          "private": "eyJlMmJmYjczMC1lY2FhLTExZTYtOGY4OC0zNDM2M2JjN2M0YzAiOnsiY3JlYXRlIjo2MDAwMDAwMDAwMH19"
        }
      ]
    }
  ],
  "check_results": null
}
